
Microsoft Visual Studio Solution File, Format Version 12.00
# Visual Studio Version 17
VisualStudioVersion = 17.1.32414.318
MinimumVisualStudioVersion = 10.0.40219.1
Project("{FAE04EC0-301F-11D3-BF4B-00C04F79EFBC}") = "AuthenticationWithDb", "AuthenticationWithDb\AuthenticationWithDb.csproj", "{6BF3E435-896C-4E34-8E9D-C842811AE2A4}"
EndProject
Global
	GlobalSection(SolutionConfigurationPlatforms) = preSolution
		Debug|Any CPU = Debug|Any CPU
		Release|Any CPU = Release|Any CPU
	EndGlobalSection
	GlobalSection(ProjectConfigurationPlatforms) = postSolution
		{6BF3E435-896C-4E34-8E9D-C842811AE2A4}.Debug|Any CPU.ActiveCfg = Debug|Any CPU
		{6BF3E435-896C-4E34-8E9D-C842811AE2A4}.Debug|Any CPU.Build.0 = Debug|Any CPU
		{6BF3E435-896C-4E34-8E9D-C842811AE2A4}.Release|Any CPU.ActiveCfg = Release|Any CPU
		{6BF3E435-896C-4E34-8E9D-C842811AE2A4}.Release|Any CPU.Build.0 = Release|Any CPU
	EndGlobalSection
	GlobalSection(SolutionProperties) = preSolution
		HideSolutionNode = FALSE
	EndGlobalSection
	GlobalSection(ExtensibilityGlobals) = postSolution
		SolutionGuid = {87907CF0-A389-4B84-9662-BEE8997F0211}
	EndGlobalSection
EndGlobal
